
Microsoft Visual Studio Solution File, Format Version 12.00
# Visual Studio Version 17
VisualStudioVersion = 17.13.35931.197 d17.13
MinimumVisualStudioVersion = 10.0.40219.1
Project("{FAE04EC0-301F-11D3-BF4B-00C04F79EFBC}") = "Battle", "Battle\Battle.csproj", "{95FCF5BD-75D7-4738-A0BC-A48C88F2E395}"
EndProject
Global
	GlobalSection(SolutionConfigurationPlatforms) = preSolution
		Debug|Any CPU = Debug|Any CPU
		Release|Any CPU = Release|Any CPU
	EndGlobalSection
	GlobalSection(ProjectConfigurationPlatforms) = postSolution
		{95FCF5BD-75D7-4738-A0BC-A48C88F2E395}.Debug|Any CPU.ActiveCfg = Debug|Any CPU
		{95FCF5BD-75D7-4738-A0BC-A48C88F2E395}.Debug|Any CPU.Build.0 = Debug|Any CPU
		{95FCF5BD-75D7-4738-A0BC-A48C88F2E395}.Release|Any CPU.ActiveCfg = Release|Any CPU
		{95FCF5BD-75D7-4738-A0BC-A48C88F2E395}.Release|Any CPU.Build.0 = Release|Any CPU
	EndGlobalSection
	GlobalSection(SolutionProperties) = preSolution
		HideSolutionNode = FALSE
	EndGlobalSection
	GlobalSection(ExtensibilityGlobals) = postSolution
		SolutionGuid = {678A9959-21DC-4996-859D-0D9EAD0D8AD1}
	EndGlobalSection
EndGlobal
